
Microsoft Visual Studio Solution File, Format Version 12.00
# Visual Studio Version 16
VisualStudioVersion = 16.0.31729.503
MinimumVisualStudioVersion = 10.0.40219.1
Project("{9A19103F-16F7-4668-BE54-9A1E7A4F7556}") = "Samson.Web.Application", "Samson.Web.Application\Samson.Web.Application.csproj", "{CC4A5DC7-CBB2-47B5-B408-A5CAD9333AA3}"
EndProject
Project("{FAE04EC0-301F-11D3-BF4B-00C04F79EFBC}") = "Samson.Web.Application.UnitTests", "Samson.Web.Application.Specs\Samson.Web.Application.UnitTests.csproj", "{29B43802-B0C0-44D9-AE71-9E6B33E2AF91}"
EndProject
Global
	GlobalSection(SolutionConfigurationPlatforms) = preSolution
		Debug|Any CPU = Debug|Any CPU
		Release|Any CPU = Release|Any CPU
	EndGlobalSection
	GlobalSection(ProjectConfigurationPlatforms) = postSolution
		{CC4A5DC7-CBB2-47B5-B408-A5CAD9333AA3}.Debug|Any CPU.ActiveCfg = Debug|Any CPU
		{CC4A5DC7-CBB2-47B5-B408-A5CAD9333AA3}.Debug|Any CPU.Build.0 = Debug|Any CPU
		{CC4A5DC7-CBB2-47B5-B408-A5CAD9333AA3}.Release|Any CPU.ActiveCfg = Release|Any CPU
		{CC4A5DC7-CBB2-47B5-B408-A5CAD9333AA3}.Release|Any CPU.Build.0 = Release|Any CPU
		{29B43802-B0C0-44D9-AE71-9E6B33E2AF91}.Debug|Any CPU.ActiveCfg = Debug|Any CPU
		{29B43802-B0C0-44D9-AE71-9E6B33E2AF91}.Debug|Any CPU.Build.0 = Debug|Any CPU
		{29B43802-B0C0-44D9-AE71-9E6B33E2AF91}.Release|Any CPU.ActiveCfg = Release|Any CPU
		{29B43802-B0C0-44D9-AE71-9E6B33E2AF91}.Release|Any CPU.Build.0 = Release|Any CPU
	EndGlobalSection
	GlobalSection(SolutionProperties) = preSolution
		HideSolutionNode = FALSE
	EndGlobalSection
	GlobalSection(ExtensibilityGlobals) = postSolution
		SolutionGuid = {5B71546D-F3EB-4011-BE6A-CA71E3E75318}
	EndGlobalSection
EndGlobal
